
Microsoft Visual Studio Solution File, Format Version 12.00
Project("{FAE04EC0-301F-11D3-BF4B-00C04F79EFBC}") = "Serilog.Sinks.Logtail", "Serilog.Sinks.Logtail\Serilog.Sinks.Logtail.csproj", "{C0D968D6-4BB2-4134-87F6-14BE25EABDE9}"
EndProject
Global
	GlobalSection(SolutionConfigurationPlatforms) = preSolution
		Debug|Any CPU = Debug|Any CPU
		Release|Any CPU = Release|Any CPU
	EndGlobalSection
	GlobalSection(ProjectConfigurationPlatforms) = postSolution
		{C0D968D6-4BB2-4134-87F6-14BE25EABDE9}.Debug|Any CPU.ActiveCfg = Debug|Any CPU
		{C0D968D6-4BB2-4134-87F6-14BE25EABDE9}.Debug|Any CPU.Build.0 = Debug|Any CPU
		{C0D968D6-4BB2-4134-87F6-14BE25EABDE9}.Release|Any CPU.ActiveCfg = Release|Any CPU
		{C0D968D6-4BB2-4134-87F6-14BE25EABDE9}.Release|Any CPU.Build.0 = Release|Any CPU
	EndGlobalSection
EndGlobal
